
Microsoft Visual Studio Solution File, Format Version 12.00
# Visual Studio 14
VisualStudioVersion = 14.0.25123.0
MinimumVisualStudioVersion = 10.0.40219.1
Project("{CB70F207-9E01-490E-AFB8-B4D7B377E8FC}") = "Sitecore.Support.8350", "Sitecore.Support.8350\Sitecore.Support.8350.csproj", "{E538AD22-3D7F-40F8-AC97-6C77DCCD7CB2}"
EndProject
Global
	GlobalSection(SolutionConfigurationPlatforms) = preSolution
		Debug|Any CPU = Debug|Any CPU
		Release|Any CPU = Release|Any CPU
	EndGlobalSection
	GlobalSection(ProjectConfigurationPlatforms) = postSolution
		{E538AD22-3D7F-40F8-AC97-6C77DCCD7CB2}.Debug|Any CPU.ActiveCfg = Debug|Any CPU
		{E538AD22-3D7F-40F8-AC97-6C77DCCD7CB2}.Debug|Any CPU.Build.0 = Debug|Any CPU
		{E538AD22-3D7F-40F8-AC97-6C77DCCD7CB2}.Release|Any CPU.ActiveCfg = Release|Any CPU
		{E538AD22-3D7F-40F8-AC97-6C77DCCD7CB2}.Release|Any CPU.Build.0 = Release|Any CPU
	EndGlobalSection
	GlobalSection(SolutionProperties) = preSolution
		HideSolutionNode = FALSE
	EndGlobalSection
EndGlobal
